// !$*UTF8*$!
{
	archiveVersion = 1;
	classes = {
	};
	objectVersion = 50;
	objects = {

/* Begin PBXBuildFile section */
		C83B559D21C0A811006327D9 /* AppDelegate.swift in Sources */ = {isa = PBXBuildFile; fileRef = C83B559C21C0A811006327D9 /* AppDelegate.swift */; };
		C83B559F21C0A811006327D9 /* ViewController.swift in Sources */ = {isa = PBXBuildFile; fileRef = C83B559E21C0A811006327D9 /* ViewController.swift */; };
		C83B55A221C0A811006327D9 /* Main.storyboard in Resources */ = {isa = PBXBuildFile; fileRef = C83B55A021C0A811006327D9 /* Main.storyboard */; };
		C83B55A421C0A813006327D9 /* Assets.xcassets in Resources */ = {isa = PBXBuildFile; fileRef = C83B55A321C0A813006327D9 /* Assets.xcassets */; };
		C83B55A721C0A813006327D9 /* LaunchScreen.storyboard in Resources */ = {isa = PBXBuildFile; fileRef = C83B55A521C0A813006327D9 /* LaunchScreen.storyboard */; };
		C83B55B221C0A813006327D9 /* ParkTests.swift in Sources */ = {isa = PBXBuildFile; fileRef = C83B55B121C0A813006327D9 /* ParkTests.swift */; };
		C83B55BD21C0A813006327D9 /* ParkUITests.swift in Sources */ = {isa = PBXBuildFile; fileRef = C83B55BC21C0A813006327D9 /* ParkUITests.swift */; };
/* End PBXBuildFile section */

/* Begin PBXContainerItemProxy section */
		C83B55AE21C0A813006327D9 /* PBXContainerItemProxy */ = {
			isa = PBXContainerItemProxy;
			containerPortal = C83B559121C0A811006327D9 /* Project object */;
			proxyType = 1;
			remoteGlobalIDString = C83B559821C0A811006327D9;
			remoteInfo = Park;
		};
		C83B55B921C0A813006327D9 /* PBXContainerItemProxy */ = {
			isa = PBXContainerItemProxy;
			containerPortal = C83B559121C0A811006327D9 /* Project object */;
			proxyType = 1;
			remoteGlobalIDString = C83B559821C0A811006327D9;
			remoteInfo = Park;
		};
/* End PBXContainerItemProxy section */

/* Begin PBXFileReference section */
		C83B559921C0A811006327D9 /* Park.app */ = {isa = PBXFileReference; explicitFileType = wrapper.application; includeInIndex = 0; path = Park.app; sourceTree = BUILT_PRODUCTS_DIR; };
		C83B559C21C0A811006327D9 /* AppDelegate.swift */ = {isa = PBXFileReference; lastKnownFileType = sourcecode.swift; path = AppDelegate.swift; sourceTree = "<group>"; };
		C83B559E21C0A811006327D9 /* ViewController.swift */ = {isa = PBXFileReference; lastKnownFileType = sourcecode.swift; path = ViewController.swift; sourceTree = "<group>"; };
		C83B55A121C0A811006327D9 /* Base */ = {isa = PBXFileReference; lastKnownFileType = file.storyboard; name = Base; path = Base.lproj/Main.storyboard; sourceTree = "<group>"; };
		C83B55A321C0A813006327D9 /* Assets.xcassets */ = {isa = PBXFileReference; lastKnownFileType = folder.assetcatalog; path = Assets.xcassets; sourceTree = "<group>"; };
		C83B55A621C0A813006327D9 /* Base */ = {isa = PBXFileReference; lastKnownFileType = file.storyboard; name = Base; path = Base.lproj/LaunchScreen.storyboard; sourceTree = "<group>"; };
		C83B55A821C0A813006327D9 /* Info.plist */ = {isa = PBXFileReference; lastKnownFileType = text.plist.xml; path = Info.plist; sourceTree = "<group>"; };
		C83B55AD21C0A813006327D9 /* ParkTests.xctest */ = {isa = PBXFileReference; explicitFileType = wrapper.cfbundle; includeInIndex = 0; path = ParkTests.xctest; sourceTree = BUILT_PRODUCTS_DIR; };
		C83B55B121C0A813006327D9 /* ParkTests.swift */ = {isa = PBXFileReference; lastKnownFileType = sourcecode.swift; path = ParkTests.swift; sourceTree = "<group>"; };
		C83B55B321C0A813006327D9 /* Info.plist */ = {isa = PBXFileReference; lastKnownFileType = text.plist.xml; path = Info.plist; sourceTree = "<group>"; };
		C83B55B821C0A813006327D9 /* ParkUITests.xctest */ = {isa = PBXFileReference; explicitFileType = wrapper.cfbundle; includeInIndex = 0; path = ParkUITests.xctest; sourceTree = BUILT_PRODUCTS_DIR; };
		C83B55BC21C0A813006327D9 /* ParkUITests.swift */ = {isa = PBXFileReference; lastKnownFileType = sourcecode.swift; path = ParkUITests.swift; sourceTree = "<group>"; };
		C83B55BE21C0A813006327D9 /* Info.plist */ = {isa = PBXFileReference; lastKnownFileType = text.plist.xml; path = Info.plist; sourceTree = "<group>"; };
/* End PBXFileReference section */

/* Begin PBXFrameworksBuildPhase section */
		C83B559621C0A811006327D9 /* Frameworks */ = {
			isa = PBXFrameworksBuildPhase;
			buildActionMask = 2147483647;
			files = (
			);
			runOnlyForDeploymentPostprocessing = 0;
		};
		C83B55AA21C0A813006327D9 /* Frameworks */ = {
			isa = PBXFrameworksBuildPhase;
			buildActionMask = 2147483647;
			files = (
			);
			runOnlyForDeploymentPostprocessing = 0;
		};
		C83B55B521C0A813006327D9 /* Frameworks */ = {
			isa = PBXFrameworksBuildPhase;
			buildActionMask = 2147483647;
			files = (
			);
			runOnlyForDeploymentPostprocessing = 0;
		};
/* End PBXFrameworksBuildPhase section */

/* Begin PBXGroup section */
		C83B559021C0A811006327D9 = {
			isa = PBXGroup;
			children = (
				C83B559B21C0A811006327D9 /* Park */,
				C83B55B021C0A813006327D9 /* ParkTests */,
				C83B55BB21C0A813006327D9 /* ParkUITests */,
				C83B559A21C0A811006327D9 /* Products */,
			);
			sourceTree = "<group>";
		};
		C83B559A21C0A811006327D9 /* Products */ = {
			isa = PBXGroup;
			children = (
				C83B559921C0A811006327D9 /* Park.app */,
				C83B55AD21C0A813006327D9 /* ParkTests.xctest */,
				C83B55B821C0A813006327D9 /* ParkUITests.xctest */,
			);
			name = Products;
			sourceTree = "<group>";
		};
		C83B559B21C0A811006327D9 /* Park */ = {
			isa = PBXGroup;
			children = (
				C83B559C21C0A811006327D9 /* AppDelegate.swift */,
				C83B559E21C0A811006327D9 /* ViewController.swift */,
				C83B55A021C0A811006327D9 /* Main.storyboard */,
				C83B55A321C0A813006327D9 /* Assets.xcassets */,
				C83B55A521C0A813006327D9 /* LaunchScreen.storyboard */,
				C83B55A821C0A813006327D9 /* Info.plist */,
			);
			path = Park;
			sourceTree = "<group>";
		};
		C83B55B021C0A813006327D9 /* ParkTests */ = {
			isa = PBXGroup;
			children = (
				C83B55B121C0A813006327D9 /* ParkTests.swift */,
				C83B55B321C0A813006327D9 /* Info.plist */,
			);
			path = ParkTests;
			sourceTree = "<group>";
		};
		C83B55BB21C0A813006327D9 /* ParkUITests */ = {
			isa = PBXGroup;
			children = (
				C83B55BC21C0A813006327D9 /* ParkUITests.swift */,
				C83B55BE21C0A813006327D9 /* Info.plist */,
			);
			path = ParkUITests;
			sourceTree = "<group>";
		};
/* End PBXGroup section */

/* Begin PBXNativeTarget section */
		C83B559821C0A811006327D9 /* Park */ = {
			isa = PBXNativeTarget;
			buildConfigurationList = C83B55C121C0A813006327D9 /* Build configuration list for PBXNativeTarget "Park" */;
			buildPhases = (
				C83B559521C0A811006327D9 /* Sources */,
				C83B559621C0A811006327D9 /* Frameworks */,
				C83B559721C0A811006327D9 /* Resources */,
			);
			buildRules = (
			);
			dependencies = (
			);
			name = Park;
			productName = Park;
			productReference = C83B559921C0A811006327D9 /* Park.app */;
			productType = "com.apple.product-type.application";
		};
		C83B55AC21C0A813006327D9 /* ParkTests */ = {
			isa = PBXNativeTarget;
			buildConfigurationList = C83B55C421C0A813006327D9 /* Build configuration list for PBXNativeTarget "ParkTests" */;
			buildPhases = (
				C83B55A921C0A813006327D9 /* Sources */,
				C83B55AA21C0A813006327D9 /* Frameworks */,
				C83B55AB21C0A813006327D9 /* Resources */,
			);
			buildRules = (
			);
			dependencies = (
				C83B55AF21C0A813006327D9 /* PBXTargetDependency */,
			);
			name = ParkTests;
			productName = ParkTests;
			productReference = C83B55AD21C0A813006327D9 /* ParkTests.xctest */;
			productType = "com.apple.product-type.bundle.unit-test";
		};
		C83B55B721C0A813006327D9 /* ParkUITests */ = {
			isa = PBXNativeTarget;
			buildConfigurationList = C83B55C721C0A813006327D9 /* Build configuration list for PBXNativeTarget "ParkUITests" */;
			buildPhases = (
				C83B55B421C0A813006327D9 /* Sources */,
				C83B55B521C0A813006327D9 /* Frameworks */,
				C83B55B621C0A813006327D9 /* Resources */,
			);
			buildRules = (
			);
			dependencies = (
				C83B55BA21C0A813006327D9 /* PBXTargetDependency */,
			);
			name = ParkUITests;
			productName = ParkUITests;
			productReference = C83B55B821C0A813006327D9 /* ParkUITests.xctest */;
			productType = "com.apple.product-type.bundle.ui-testing";
		};
/* End PBXNativeTarget section */

/* Begin PBXProject section */
		C83B559121C0A811006327D9 /* Project object */ = {
			isa = PBXProject;
			attributes = {
				LastSwiftUpdateCheck = 1010;
				LastUpgradeCheck = 1010;
				ORGANIZATIONNAME = Bidigital;
				TargetAttributes = {
					C83B559821C0A811006327D9 = {
						CreatedOnToolsVersion = 10.1;
					};
					C83B55AC21C0A813006327D9 = {
						CreatedOnToolsVersion = 10.1;
						TestTargetID = C83B559821C0A811006327D9;
					};
					C83B55B721C0A813006327D9 = {
						CreatedOnToolsVersion = 10.1;
						TestTargetID = C83B559821C0A811006327D9;
					};
				};
			};
			buildConfigurationList = C83B559421C0A811006327D9 /* Build configuration list for PBXProject "Park" */;
			compatibilityVersion = "Xcode 9.3";
			developmentRegion = en;
			hasScannedForEncodings = 0;
			knownRegions = (
				en,
				Base,
			);
			mainGroup = C83B559021C0A811006327D9;
			productRefGroup = C83B559A21C0A811006327D9 /* Products */;
			projectDirPath = "";
			projectRoot = "";
			targets = (
				C83B559821C0A811006327D9 /* Park */,
				C83B55AC21C0A813006327D9 /* ParkTests */,
				C83B55B721C0A813006327D9 /* ParkUITests */,
			);
		};
/* End PBXProject section */

/* Begin PBXResourcesBuildPhase section */
		C83B559721C0A811006327D9 /* Resources */ = {
			isa = PBXResourcesBuildPhase;
			buildActionMask = 2147483647;
			files = (
				C83B55A721C0A813006327D9 /* LaunchScreen.storyboard in Resources */,
				C83B55A421C0A813006327D9 /* Assets.xcassets in Resources */,
				C83B55A221C0A811006327D9 /* Main.storyboard in Resources */,
			);
			runOnlyForDeploymentPostprocessing = 0;
		};
		C83B55AB21C0A813006327D9 /* Resources */ = {
			isa = PBXResourcesBuildPhase;
			buildActionMask = 2147483647;
			files = (
			);
			runOnlyForDeploymentPostprocessing = 0;
		};
		C83B55B621C0A813006327D9 /* Resources */ = {
			isa = PBXResourcesBuildPhase;
			buildActionMask = 2147483647;
			files = (
			);
			runOnlyForDeploymentPostprocessing = 0;
		};
/* End PBXResourcesBuildPhase section */

/* Begin PBXSourcesBuildPhase section */
		C83B559521C0A811006327D9 /* Sources */ = {
			isa = PBXSourcesBuildPhase;
			buildActionMask = 2147483647;
			files = (
				C83B559F21C0A811006327D9 /* ViewController.swift in Sources */,
				C83B559D21C0A811006327D9 /* AppDelegate.swift in Sources */,
			);
			runOnlyForDeploymentPostprocessing = 0;
		};
		C83B55A921C0A813006327D9 /* Sources */ = {
			isa = PBXSourcesBuildPhase;
			buildActionMask = 2147483647;
			files = (
				C83B55B221C0A813006327D9 /* ParkTests.swift in Sources */,
			);
			runOnlyForDeploymentPostprocessing = 0;
		};
		C83B55B421C0A813006327D9 /* Sources */ = {
			isa = PBXSourcesBuildPhase;
			buildActionMask = 2147483647;
			files = (
				C83B55BD21C0A813006327D9 /* ParkUITests.swift in Sources */,
			);
			runOnlyForDeploymentPostprocessing = 0;
		};
/* End PBXSourcesBuildPhase section */

/* Begin PBXTargetDependency section */
		C83B55AF21C0A813006327D9 /* PBXTargetDependency */ = {
			isa = PBXTargetDependency;
			target = C83B559821C0A811006327D9 /* Park */;
			targetProxy = C83B55AE21C0A813006327D9 /* PBXContainerItemProxy */;
		};
		C83B55BA21C0A813006327D9 /* PBXTargetDependency */ = {
			isa = PBXTargetDependency;
			target = C83B559821C0A811006327D9 /* Park */;
			targetProxy = C83B55B921C0A813006327D9 /* PBXContainerItemProxy */;
		};
/* End PBXTargetDependency section */

/* Begin PBXVariantGroup section */
		C83B55A021C0A811006327D9 /* Main.storyboard */ = {
			isa = PBXVariantGroup;
			children = (
				C83B55A121C0A811006327D9 /* Base */,
			);
			name = Main.storyboard;
			sourceTree = "<group>";
		};
		C83B55A521C0A813006327D9 /* LaunchScreen.storyboard */ = {
			isa = PBXVariantGroup;
			children = (
				C83B55A621C0A813006327D9 /* Base */,
			);
			name = LaunchScreen.storyboard;
			sourceTree = "<group>";
		};
/* End PBXVariantGroup section */

/* Begin XCBuildConfiguration section */
		C83B55BF21C0A813006327D9 /* Debug */ = {
			isa = XCBuildConfiguration;
			buildSettings = {
				ALWAYS_SEARCH_USER_PATHS = NO;
				CLANG_ANALYZER_NONNULL = YES;
				CLANG_ANALYZER_NUMBER_OBJECT_CONVERSION = YES_AGGRESSIVE;
				CLANG_CXX_LANGUAGE_STANDARD = "gnu++14";
				CLANG_CXX_LIBRARY = "libc++";
				CLANG_ENABLE_MODULES = YES;
				CLANG_ENABLE_OBJC_ARC = YES;
				CLANG_ENABLE_OBJC_WEAK = YES;
				CLANG_WARN_BLOCK_CAPTURE_AUTORELEASING = YES;
				CLANG_WARN_BOOL_CONVERSION = YES;
				CLANG_WARN_COMMA = YES;
				CLANG_WARN_CONSTANT_CONVERSION = YES;
				CLANG_WARN_DEPRECATED_OBJC_IMPLEMENTATIONS = YES;
				CLANG_WARN_DIRECT_OBJC_ISA_USAGE = YES_ERROR;
				CLANG_WARN_DOCUMENTATION_COMMENTS = YES;
				CLANG_WARN_EMPTY_BODY = YES;
				CLANG_WARN_ENUM_CONVERSION = YES;
				CLANG_WARN_INFINITE_RECURSION = YES;
				CLANG_WARN_INT_CONVERSION = YES;
				CLANG_WARN_NON_LITERAL_NULL_CONVERSION = YES;
				CLANG_WARN_OBJC_IMPLICIT_RETAIN_SELF = YES;
				CLANG_WARN_OBJC_LITERAL_CONVERSION = YES;
				CLANG_WARN_OBJC_ROOT_CLASS = YES_ERROR;
				CLANG_WARN_RANGE_LOOP_ANALYSIS = YES;
				CLANG_WARN_STRICT_PROTOTYPES = YES;
				CLANG_WARN_SUSPICIOUS_MOVE = YES;
				CLANG_WARN_UNGUARDED_AVAILABILITY = YES_AGGRESSIVE;
				CLANG_WARN_UNREACHABLE_CODE = YES;
				CLANG_WARN__DUPLICATE_METHOD_MATCH = YES;
				CODE_SIGN_IDENTITY = "iPhone Developer";
				COPY_PHASE_STRIP = NO;
				DEBUG_INFORMATION_FORMAT = dwarf;
				ENABLE_STRICT_OBJC_MSGSEND = YES;
				ENABLE_TESTABILITY = YES;
				GCC_C_LANGUAGE_STANDARD = gnu11;
				GCC_DYNAMIC_NO_PIC = NO;
				GCC_NO_COMMON_BLOCKS = YES;
				GCC_OPTIMIZATION_LEVEL = 0;
				GCC_PREPROCESSOR_DEFINITIONS = (
					"DEBUG=1",
					"$(inherited)",
				);
				GCC_WARN_64_TO_32_BIT_CONVERSION = YES;
				GCC_WARN_ABOUT_RETURN_TYPE = YES_ERROR;
				GCC_WARN_UNDECLARED_SELECTOR = YES;
				GCC_WARN_UNINITIALIZED_AUTOS = YES_AGGRESSIVE;
				GCC_WARN_UNUSED_FUNCTION = YES;
				GCC_WARN_UNUSED_VARIABLE = YES;
				IPHONEOS_DEPLOYMENT_TARGET = 12.1;
				MTL_ENABLE_DEBUG_INFO = INCLUDE_SOURCE;
				MTL_FAST_MATH = YES;
				ONLY_ACTIVE_ARCH = YES;
				SDKROOT = iphoneos;
				SWIFT_ACTIVE_COMPILATION_CONDITIONS = DEBUG;
				SWIFT_OPTIMIZATION_LEVEL = "-Onone";
			};
			name = Debug;
		};
		C83B55C021C0A813006327D9 /* Release */ = {
			isa = XCBuildConfiguration;
			buildSettings = {
				ALWAYS_SEARCH_USER_PATHS = NO;
				CLANG_ANALYZER_NONNULL = YES;
				CLANG_ANALYZER_NUMBER_OBJECT_CONVERSION = YES_AGGRESSIVE;
				CLANG_CXX_LANGUAGE_STANDARD = "gnu++14";
				CLANG_CXX_LIBRARY = "libc++";
				CLANG_ENABLE_MODULES = YES;
				CLANG_ENABLE_OBJC_ARC = YES;
				CLANG_ENABLE_OBJC_WEAK = YES;
				CLANG_WARN_BLOCK_CAPTURE_AUTORELEASING = YES;
				CLANG_WARN_BOOL_CONVERSION = YES;
				CLANG_WARN_COMMA = YES;
				CLANG_WARN_CONSTANT_CONVERSION = YES;
				CLANG_WARN_DEPRECATED_OBJC_IMPLEMENTATIONS = YES;
				CLANG_WARN_DIRECT_OBJC_ISA_USAGE = YES_ERROR;
				CLANG_WARN_DOCUMENTATION_COMMENTS = YES;
				CLANG_WARN_EMPTY_BODY = YES;
				CLANG_WARN_ENUM_CONVERSION = YES;
				CLANG_WARN_INFINITE_RECURSION = YES;
				CLANG_WARN_INT_CONVERSION = YES;
				CLANG_WARN_NON_LITERAL_NULL_CONVERSION = YES;
				CLANG_WARN_OBJC_IMPLICIT_RETAIN_SELF = YES;
				CLANG_WARN_OBJC_LITERAL_CONVERSION = YES;
				CLANG_WARN_OBJC_ROOT_CLASS = YES_ERROR;
				CLANG_WARN_RANGE_LOOP_ANALYSIS = YES;
				CLANG_WARN_STRICT_PROTOTYPES = YES;
				CLANG_WARN_SUSPICIOUS_MOVE = YES;
				CLANG_WARN_UNGUARDED_AVAILABILITY = YES_AGGRESSIVE;
				CLANG_WARN_UNREACHABLE_CODE = YES;
				CLANG_WARN__DUPLICATE_METHOD_MATCH = YES;
				CODE_SIGN_IDENTITY = "iPhone Developer";
				COPY_PHASE_STRIP = NO;
				DEBUG_INFORMATION_FORMAT = "dwarf-with-dsym";
				ENABLE_NS_ASSERTIONS = NO;
				ENABLE_STRICT_OBJC_MSGSEND = YES;
				GCC_C_LANGUAGE_STANDARD = gnu11;
				GCC_NO_COMMON_BLOCKS = YES;
				GCC_WARN_64_TO_32_BIT_CONVERSION = YES;
				GCC_WARN_ABOUT_RETURN_TYPE = YES_ERROR;
				GCC_WARN_UNDECLARED_SELECTOR = YES;
				GCC_WARN_UNINITIALIZED_AUTOS = YES_AGGRESSIVE;
				GCC_WARN_UNUSED_FUNCTION = YES;
				GCC_WARN_UNUSED_VARIABLE = YES;
				IPHONEOS_DEPLOYMENT_TARGET = 12.1;
				MTL_ENABLE_DEBUG_INFO = NO;
				MTL_FAST_MATH = YES;
				SDKROOT = iphoneos;
				SWIFT_COMPILATION_MODE = wholemodule;
				SWIFT_OPTIMIZATION_LEVEL = "-O";
				VALIDATE_PRODUCT = YES;
			};
			name = Release;
		};
		C83B55C221C0A813006327D9 /* Debug */ = {
			isa = XCBuildConfiguration;
			buildSettings = {
				ASSETCATALOG_COMPILER_APPICON_NAME = AppIcon;
				CODE_SIGN_STYLE = Automatic;
				DEVELOPMENT_TEAM = Z92VBSZT25;
				INFOPLIST_FILE = Park/Info.plist;
				LD_RUNPATH_SEARCH_PATHS = (
					"$(inherited)",
					"@executable_path/Frameworks",
				);
				PRODUCT_BUNDLE_IDENTIFIER = com.bidigital.Park;
				PRODUCT_NAME = "$(TARGET_NAME)";
				SWIFT_VERSION = 4.2;
				TARGETED_DEVICE_FAMILY = "1,2";
			};
			name = Debug;
		};
		C83B55C321C0A813006327D9 /* Release */ = {
			isa = XCBuildConfiguration;
			buildSettings = {
				ASSETCATALOG_COMPILER_APPICON_NAME = AppIcon;
				CODE_SIGN_STYLE = Automatic;
				DEVELOPMENT_TEAM = Z92VBSZT25;
				INFOPLIST_FILE = Park/Info.plist;
				LD_RUNPATH_SEARCH_PATHS = (
					"$(inherited)",
					"@executable_path/Frameworks",
				);
				PRODUCT_BUNDLE_IDENTIFIER = com.bidigital.Park;
				PRODUCT_NAME = "$(TARGET_NAME)";
				SWIFT_VERSION = 4.2;
				TARGETED_DEVICE_FAMILY = "1,2";
			};
			name = Release;
		};
		C83B55C521C0A813006327D9 /* Debug */ = {
			isa = XCBuildConfiguration;
			buildSettings = {
				ALWAYS_EMBED_SWIFT_STANDARD_LIBRARIES = YES;
				BUNDLE_LOADER = "$(TEST_HOST)";
				CODE_SIGN_STYLE = Automatic;
				DEVELOPMENT_TEAM = Z92VBSZT25;
				INFOPLIST_FILE = ParkTests/Info.plist;
				LD_RUNPATH_SEARCH_PATHS = (
					"$(inherited)",
					"@executable_path/Frameworks",
					"@loader_path/Frameworks",
				);
				PRODUCT_BUNDLE_IDENTIFIER = com.bidigital.ParkTests;
				PRODUCT_NAME = "$(TARGET_NAME)";
				SWIFT_VERSION = 4.2;
				TARGETED_DEVICE_FAMILY = "1,2";
				TEST_HOST = "$(BUILT_PRODUCTS_DIR)/Park.app/Park";
			};
			name = Debug;
		};
		C83B55C621C0A813006327D9 /* Release */ = {
			isa = XCBuildConfiguration;
			buildSettings = {
				ALWAYS_EMBED_SWIFT_STANDARD_LIBRARIES = YES;
				BUNDLE_LOADER = "$(TEST_HOST)";
				CODE_SIGN_STYLE = Automatic;
				DEVELOPMENT_TEAM = Z92VBSZT25;
				INFOPLIST_FILE = ParkTests/Info.plist;
				LD_RUNPATH_SEARCH_PATHS = (
					"$(inherited)",
					"@executable_path/Frameworks",
					"@loader_path/Frameworks",
				);
				PRODUCT_BUNDLE_IDENTIFIER = com.bidigital.ParkTests;
				PRODUCT_NAME = "$(TARGET_NAME)";
				SWIFT_VERSION = 4.2;
				TARGETED_DEVICE_FAMILY = "1,2";
				TEST_HOST = "$(BUILT_PRODUCTS_DIR)/Park.app/Park";
			};
			name = Release;
		};
		C83B55C821C0A813006327D9 /* Debug */ = {
			isa = XCBuildConfiguration;
			buildSettings = {
				ALWAYS_EMBED_SWIFT_STANDARD_LIBRARIES = YES;
				CODE_SIGN_STYLE = Automatic;
				DEVELOPMENT_TEAM = Z92VBSZT25;
				INFOPLIST_FILE = ParkUITests/Info.plist;
				LD_RUNPATH_SEARCH_PATHS = (
					"$(inherited)",
					"@executable_path/Frameworks",
					"@loader_path/Frameworks",
				);
				PRODUCT_BUNDLE_IDENTIFIER = com.bidigital.ParkUITests;
				PRODUCT_NAME = "$(TARGET_NAME)";
				SWIFT_VERSION = 4.2;
				TARGETED_DEVICE_FAMILY = "1,2";
				TEST_TARGET_NAME = Park;
			};
			name = Debug;
		};
		C83B55C921C0A813006327D9 /* Release */ = {
			isa = XCBuildConfiguration;
			buildSettings = {
				ALWAYS_EMBED_SWIFT_STANDARD_LIBRARIES = YES;
				CODE_SIGN_STYLE = Automatic;
				DEVELOPMENT_TEAM = Z92VBSZT25;
				INFOPLIST_FILE = ParkUITests/Info.plist;
				LD_RUNPATH_SEARCH_PATHS = (
					"$(inherited)",
					"@executable_path/Frameworks",
					"@loader_path/Frameworks",
				);
				PRODUCT_BUNDLE_IDENTIFIER = com.bidigital.ParkUITests;
				PRODUCT_NAME = "$(TARGET_NAME)";
				SWIFT_VERSION = 4.2;
				TARGETED_DEVICE_FAMILY = "1,2";
				TEST_TARGET_NAME = Park;
			};
			name = Release;
		};
/* End XCBuildConfiguration section */

/* Begin XCConfigurationList section */
		C83B559421C0A811006327D9 /* Build configuration list for PBXProject "Park" */ = {
			isa = XCConfigurationList;
			buildConfigurations = (
				C83B55BF21C0A813006327D9 /* Debug */,
				C83B55C021C0A813006327D9 /* Release */,
			);
			defaultConfigurationIsVisible = 0;
			defaultConfigurationName = Release;
		};
		C83B55C121C0A813006327D9 /* Build configuration list for PBXNativeTarget "Park" */ = {
			isa = XCConfigurationList;
			buildConfigurations = (
				C83B55C221C0A813006327D9 /* Debug */,
				C83B55C321C0A813006327D9 /* Release */,
			);
			defaultConfigurationIsVisible = 0;
			defaultConfigurationName = Release;
		};
		C83B55C421C0A813006327D9 /* Build configuration list for PBXNativeTarget "ParkTests" */ = {
			isa = XCConfigurationList;
			buildConfigurations = (
				C83B55C521C0A813006327D9 /* Debug */,
				C83B55C621C0A813006327D9 /* Release */,
			);
			defaultConfigurationIsVisible = 0;
			defaultConfigurationName = Release;
		};
		C83B55C721C0A813006327D9 /* Build configuration list for PBXNativeTarget "ParkUITests" */ = {
			isa = XCConfigurationList;
			buildConfigurations = (
				C83B55C821C0A813006327D9 /* Debug */,
				C83B55C921C0A813006327D9 /* Release */,
			);
			defaultConfigurationIsVisible = 0;
			defaultConfigurationName = Release;
		};
/* End XCConfigurationList section */
	};
	rootObject = C83B559121C0A811006327D9 /* Project object */;
}
